// !$*UTF8*$!
{
	archiveVersion = 1;
	classes = {
	};
	objectVersion = 46;
	objects = {

/* Begin PBXBuildFile section */
		50307F771CBD44C00043895C /* ModalViewController.swift in Sources */ = {isa = PBXBuildFile; fileRef = 50307F761CBD44C00043895C /* ModalViewController.swift */; };
		50FBDAAF1CB5220100F5512B /* AppDelegate.swift in Sources */ = {isa = PBXBuildFile; fileRef = 50FBDAAE1CB5220100F5512B /* AppDelegate.swift */; };
		50FBDAB11CB5220100F5512B /* ViewController.swift in Sources */ = {isa = PBXBuildFile; fileRef = 50FBDAB01CB5220100F5512B /* ViewController.swift */; };
		50FBDAB41CB5220100F5512B /* Main.storyboard in Resources */ = {isa = PBXBuildFile; fileRef = 50FBDAB21CB5220100F5512B /* Main.storyboard */; };
		50FBDAB61CB5220100F5512B /* Assets.xcassets in Resources */ = {isa = PBXBuildFile; fileRef = 50FBDAB51CB5220100F5512B /* Assets.xcassets */; };
		50FBDAB91CB5220100F5512B /* LaunchScreen.storyboard in Resources */ = {isa = PBXBuildFile; fileRef = 50FBDAB71CB5220100F5512B /* LaunchScreen.storyboard */; };
		50FBDAC11CB538BA00F5512B /* HowToViewController.swift in Sources */ = {isa = PBXBuildFile; fileRef = 50FBDAC01CB538BA00F5512B /* HowToViewController.swift */; };
		50FBDAC31CB538C600F5512B /* PlayViewController.swift in Sources */ = {isa = PBXBuildFile; fileRef = 50FBDAC21CB538C600F5512B /* PlayViewController.swift */; };
/* End PBXBuildFile section */

/* Begin PBXFileReference section */
		50307F761CBD44C00043895C /* ModalViewController.swift */ = {isa = PBXFileReference; fileEncoding = 4; lastKnownFileType = sourcecode.swift; path = ModalViewController.swift; sourceTree = "<group>"; };
		50FBDAAB1CB5220100F5512B /* BanditManchot.app */ = {isa = PBXFileReference; explicitFileType = wrapper.application; includeInIndex = 0; path = BanditManchot.app; sourceTree = BUILT_PRODUCTS_DIR; };
		50FBDAAE1CB5220100F5512B /* AppDelegate.swift */ = {isa = PBXFileReference; lastKnownFileType = sourcecode.swift; path = AppDelegate.swift; sourceTree = "<group>"; };
		50FBDAB01CB5220100F5512B /* ViewController.swift */ = {isa = PBXFileReference; lastKnownFileType = sourcecode.swift; path = ViewController.swift; sourceTree = "<group>"; };
		50FBDAB31CB5220100F5512B /* Base */ = {isa = PBXFileReference; lastKnownFileType = file.storyboard; name = Base; path = Base.lproj/Main.storyboard; sourceTree = "<group>"; };
		50FBDAB51CB5220100F5512B /* Assets.xcassets */ = {isa = PBXFileReference; lastKnownFileType = folder.assetcatalog; path = Assets.xcassets; sourceTree = "<group>"; };
		50FBDAB81CB5220100F5512B /* Base */ = {isa = PBXFileReference; lastKnownFileType = file.storyboard; name = Base; path = Base.lproj/LaunchScreen.storyboard; sourceTree = "<group>"; };
		50FBDABA1CB5220100F5512B /* Info.plist */ = {isa = PBXFileReference; lastKnownFileType = text.plist.xml; path = Info.plist; sourceTree = "<group>"; };
		50FBDAC01CB538BA00F5512B /* HowToViewController.swift */ = {isa = PBXFileReference; fileEncoding = 4; lastKnownFileType = sourcecode.swift; path = HowToViewController.swift; sourceTree = "<group>"; };
		50FBDAC21CB538C600F5512B /* PlayViewController.swift */ = {isa = PBXFileReference; fileEncoding = 4; lastKnownFileType = sourcecode.swift; path = PlayViewController.swift; sourceTree = "<group>"; };
/* End PBXFileReference section */

/* Begin PBXFrameworksBuildPhase section */
		50FBDAA81CB5220100F5512B /* Frameworks */ = {
			isa = PBXFrameworksBuildPhase;
			buildActionMask = 2147483647;
			files = (
			);
			runOnlyForDeploymentPostprocessing = 0;
		};
/* End PBXFrameworksBuildPhase section */

/* Begin PBXGroup section */
		50FBDAA21CB5220100F5512B = {
			isa = PBXGroup;
			children = (
				50FBDAAD1CB5220100F5512B /* BanditManchot */,
				50FBDAAC1CB5220100F5512B /* Products */,
			);
			sourceTree = "<group>";
		};
		50FBDAAC1CB5220100F5512B /* Products */ = {
			isa = PBXGroup;
			children = (
				50FBDAAB1CB5220100F5512B /* BanditManchot.app */,
			);
			name = Products;
			sourceTree = "<group>";
		};
		50FBDAAD1CB5220100F5512B /* BanditManchot */ = {
			isa = PBXGroup;
			children = (
				50FBDAAE1CB5220100F5512B /* AppDelegate.swift */,
				50FBDAB01CB5220100F5512B /* ViewController.swift */,
				50FBDAB21CB5220100F5512B /* Main.storyboard */,
				50FBDAB51CB5220100F5512B /* Assets.xcassets */,
				50FBDAB71CB5220100F5512B /* LaunchScreen.storyboard */,
				50FBDABA1CB5220100F5512B /* Info.plist */,
				50FBDAC01CB538BA00F5512B /* HowToViewController.swift */,
				50FBDAC21CB538C600F5512B /* PlayViewController.swift */,
				50307F761CBD44C00043895C /* ModalViewController.swift */,
			);
			path = BanditManchot;
			sourceTree = "<group>";
		};
/* End PBXGroup section */

/* Begin PBXNativeTarget section */
		50FBDAAA1CB5220100F5512B /* BanditManchot */ = {
			isa = PBXNativeTarget;
			buildConfigurationList = 50FBDABD1CB5220100F5512B /* Build configuration list for PBXNativeTarget "BanditManchot" */;
			buildPhases = (
				50FBDAA71CB5220100F5512B /* Sources */,
				50FBDAA81CB5220100F5512B /* Frameworks */,
				50FBDAA91CB5220100F5512B /* Resources */,
			);
			buildRules = (
			);
			dependencies = (
			);
			name = BanditManchot;
			productName = BanditManchot;
			productReference = 50FBDAAB1CB5220100F5512B /* BanditManchot.app */;
			productType = "com.apple.product-type.application";
		};
/* End PBXNativeTarget section */

/* Begin PBXProject section */
		50FBDAA31CB5220100F5512B /* Project object */ = {
			isa = PBXProject;
			attributes = {
				LastSwiftUpdateCheck = 0720;
				LastUpgradeCheck = 0720;
				ORGANIZATIONNAME = "Maxime Florile";
				TargetAttributes = {
					50FBDAAA1CB5220100F5512B = {
						CreatedOnToolsVersion = 7.2.1;
					};
				};
			};
			buildConfigurationList = 50FBDAA61CB5220100F5512B /* Build configuration list for PBXProject "BanditManchot" */;
			compatibilityVersion = "Xcode 3.2";
			developmentRegion = English;
			hasScannedForEncodings = 0;
			knownRegions = (
				en,
				Base,
			);
			mainGroup = 50FBDAA21CB5220100F5512B;
			productRefGroup = 50FBDAAC1CB5220100F5512B /* Products */;
			projectDirPath = "";
			projectRoot = "";
			targets = (
				50FBDAAA1CB5220100F5512B /* BanditManchot */,
			);
		};
/* End PBXProject section */

/* Begin PBXResourcesBuildPhase section */
		50FBDAA91CB5220100F5512B /* Resources */ = {
			isa = PBXResourcesBuildPhase;
			buildActionMask = 2147483647;
			files = (
				50FBDAB91CB5220100F5512B /* LaunchScreen.storyboard in Resources */,
				50FBDAB61CB5220100F5512B /* Assets.xcassets in Resources */,
				50FBDAB41CB5220100F5512B /* Main.storyboard in Resources */,
			);
			runOnlyForDeploymentPostprocessing = 0;
		};
/* End PBXResourcesBuildPhase section */

/* Begin PBXSourcesBuildPhase section */
		50FBDAA71CB5220100F5512B /* Sources */ = {
			isa = PBXSourcesBuildPhase;
			buildActionMask = 2147483647;
			files = (
				50FBDAC31CB538C600F5512B /* PlayViewController.swift in Sources */,
				50307F771CBD44C00043895C /* ModalViewController.swift in Sources */,
				50FBDAC11CB538BA00F5512B /* HowToViewController.swift in Sources */,
				50FBDAB11CB5220100F5512B /* ViewController.swift in Sources */,
				50FBDAAF1CB5220100F5512B /* AppDelegate.swift in Sources */,
			);
			runOnlyForDeploymentPostprocessing = 0;
		};
/* End PBXSourcesBuildPhase section */

/* Begin PBXVariantGroup section */
		50FBDAB21CB5220100F5512B /* Main.storyboard */ = {
			isa = PBXVariantGroup;
			children = (
				50FBDAB31CB5220100F5512B /* Base */,
			);
			name = Main.storyboard;
			sourceTree = "<group>";
		};
		50FBDAB71CB5220100F5512B /* LaunchScreen.storyboard */ = {
			isa = PBXVariantGroup;
			children = (
				50FBDAB81CB5220100F5512B /* Base */,
			);
			name = LaunchScreen.storyboard;
			sourceTree = "<group>";
		};
/* End PBXVariantGroup section */

/* Begin XCBuildConfiguration section */
		50FBDABB1CB5220100F5512B /* Debug */ = {
			isa = XCBuildConfiguration;
			buildSettings = {
				ALWAYS_SEARCH_USER_PATHS = NO;
				CLANG_CXX_LANGUAGE_STANDARD = "gnu++0x";
				CLANG_CXX_LIBRARY = "libc++";
				CLANG_ENABLE_MODULES = YES;
				CLANG_ENABLE_OBJC_ARC = YES;
				CLANG_WARN_BOOL_CONVERSION = YES;
				CLANG_WARN_CONSTANT_CONVERSION = YES;
				CLANG_WARN_DIRECT_OBJC_ISA_USAGE = YES_ERROR;
				CLANG_WARN_EMPTY_BODY = YES;
				CLANG_WARN_ENUM_CONVERSION = YES;
				CLANG_WARN_INT_CONVERSION = YES;
				CLANG_WARN_OBJC_ROOT_CLASS = YES_ERROR;
				CLANG_WARN_UNREACHABLE_CODE = YES;
				CLANG_WARN__DUPLICATE_METHOD_MATCH = YES;
				"CODE_SIGN_IDENTITY[sdk=iphoneos*]" = "iPhone Developer";
				COPY_PHASE_STRIP = NO;
				DEBUG_INFORMATION_FORMAT = dwarf;
				ENABLE_STRICT_OBJC_MSGSEND = YES;
				ENABLE_TESTABILITY = YES;
				GCC_C_LANGUAGE_STANDARD = gnu99;
				GCC_DYNAMIC_NO_PIC = NO;
				GCC_NO_COMMON_BLOCKS = YES;
				GCC_OPTIMIZATION_LEVEL = 0;
				GCC_PREPROCESSOR_DEFINITIONS = (
					"DEBUG=1",
					"$(inherited)",
				);
				GCC_WARN_64_TO_32_BIT_CONVERSION = YES;
				GCC_WARN_ABOUT_RETURN_TYPE = YES_ERROR;
				GCC_WARN_UNDECLARED_SELECTOR = YES;
				GCC_WARN_UNINITIALIZED_AUTOS = YES_AGGRESSIVE;
				GCC_WARN_UNUSED_FUNCTION = YES;
				GCC_WARN_UNUSED_VARIABLE = YES;
				IPHONEOS_DEPLOYMENT_TARGET = 9.2;
				MTL_ENABLE_DEBUG_INFO = YES;
				ONLY_ACTIVE_ARCH = YES;
				SDKROOT = iphoneos;
				SWIFT_OPTIMIZATION_LEVEL = "-Onone";
			};
			name = Debug;
		};
		50FBDABC1CB5220100F5512B /* Release */ = {
			isa = XCBuildConfiguration;
			buildSettings = {
				ALWAYS_SEARCH_USER_PATHS = NO;
				CLANG_CXX_LANGUAGE_STANDARD = "gnu++0x";
				CLANG_CXX_LIBRARY = "libc++";
				CLANG_ENABLE_MODULES = YES;
				CLANG_ENABLE_OBJC_ARC = YES;
				CLANG_WARN_BOOL_CONVERSION = YES;
				CLANG_WARN_CONSTANT_CONVERSION = YES;
				CLANG_WARN_DIRECT_OBJC_ISA_USAGE = YES_ERROR;
				CLANG_WARN_EMPTY_BODY = YES;
				CLANG_WARN_ENUM_CONVERSION = YES;
				CLANG_WARN_INT_CONVERSION = YES;
				CLANG_WARN_OBJC_ROOT_CLASS = YES_ERROR;
				CLANG_WARN_UNREACHABLE_CODE = YES;
				CLANG_WARN__DUPLICATE_METHOD_MATCH = YES;
				"CODE_SIGN_IDENTITY[sdk=iphoneos*]" = "iPhone Developer";
				COPY_PHASE_STRIP = NO;
				DEBUG_INFORMATION_FORMAT = "dwarf-with-dsym";
				ENABLE_NS_ASSERTIONS = NO;
				ENABLE_STRICT_OBJC_MSGSEND = YES;
				GCC_C_LANGUAGE_STANDARD = gnu99;
				GCC_NO_COMMON_BLOCKS = YES;
				GCC_WARN_64_TO_32_BIT_CONVERSION = YES;
				GCC_WARN_ABOUT_RETURN_TYPE = YES_ERROR;
				GCC_WARN_UNDECLARED_SELECTOR = YES;
				GCC_WARN_UNINITIALIZED_AUTOS = YES_AGGRESSIVE;
				GCC_WARN_UNUSED_FUNCTION = YES;
				GCC_WARN_UNUSED_VARIABLE = YES;
				IPHONEOS_DEPLOYMENT_TARGET = 9.2;
				MTL_ENABLE_DEBUG_INFO = NO;
				SDKROOT = iphoneos;
				VALIDATE_PRODUCT = YES;
			};
			name = Release;
		};
		50FBDABE1CB5220100F5512B /* Debug */ = {
			isa = XCBuildConfiguration;
			buildSettings = {
				ASSETCATALOG_COMPILER_APPICON_NAME = AppIcon;
				INFOPLIST_FILE = BanditManchot/Info.plist;
				LD_RUNPATH_SEARCH_PATHS = "$(inherited) @executable_path/Frameworks";
				PRODUCT_BUNDLE_IDENTIFIER = LPDW.BanditManchot;
				PRODUCT_NAME = "$(TARGET_NAME)";
			};
			name = Debug;
		};
		50FBDABF1CB5220100F5512B /* Release */ = {
			isa = XCBuildConfiguration;
			buildSettings = {
				ASSETCATALOG_COMPILER_APPICON_NAME = AppIcon;
				INFOPLIST_FILE = BanditManchot/Info.plist;
				LD_RUNPATH_SEARCH_PATHS = "$(inherited) @executable_path/Frameworks";
				PRODUCT_BUNDLE_IDENTIFIER = LPDW.BanditManchot;
				PRODUCT_NAME = "$(TARGET_NAME)";
			};
			name = Release;
		};
/* End XCBuildConfiguration section */

/* Begin XCConfigurationList section */
		50FBDAA61CB5220100F5512B /* Build configuration list for PBXProject "BanditManchot" */ = {
			isa = XCConfigurationList;
			buildConfigurations = (
				50FBDABB1CB5220100F5512B /* Debug */,
				50FBDABC1CB5220100F5512B /* Release */,
			);
			defaultConfigurationIsVisible = 0;
			defaultConfigurationName = Release;
		};
		50FBDABD1CB5220100F5512B /* Build configuration list for PBXNativeTarget "BanditManchot" */ = {
			isa = XCConfigurationList;
			buildConfigurations = (
				50FBDABE1CB5220100F5512B /* Debug */,
				50FBDABF1CB5220100F5512B /* Release */,
			);
			defaultConfigurationIsVisible = 0;
			defaultConfigurationName = Release;
		};
/* End XCConfigurationList section */
	};
	rootObject = 50FBDAA31CB5220100F5512B /* Project object */;
}
